// !$*UTF8*$!
{
	archiveVersion = 1;
	classes = {
	};
	objectVersion = 55;
	objects = {
		000000001 = {
			isa = PBXFileReference;
			lastKnownFileType = sourcecode.swift;
			path = AppDelegate.swift;
			sourceTree = "<group>";
		};
		000000002 = {
			isa = PBXFileReference;
			lastKnownFileType = sourcecode.swift;
			path = SceneDelegate.swift;
			sourceTree = "<group>";
		};
		000000003 = {
			isa = PBXFileReference;
			lastKnownFileType = sourcecode.swift;
			path = MainViewController.swift;
			sourceTree = "<group>";
		};
		000000004 = {
			isa = PBXFileReference;
			lastKnownFileType = sourcecode.swift;
			path = DyldPatcher.swift;
			sourceTree = "<group>";
		};
		000000005 = {
			isa = PBXFileReference;
			lastKnownFileType = sourcecode.swift;
			path = SlotScanner.swift;
			sourceTree = "<group>";
		};
		000000006 = {
			isa = PBXFileReference;
			lastKnownFileType = sourcecode.swift;
			path = DylibInjector.swift;
			sourceTree = "<group>";
		};
		000000007 = {
			isa = PBXFileReference;
			lastKnownFileType = sourcecode.swift;
			path = ConsoleLogger.swift;
			sourceTree = "<group>";
		};
		000000008 = {
			isa = PBXFileReference;
			lastKnownFileType = sourcecode.swift;
			path = Models.swift;
			sourceTree = "<group>";
		};
		000000009 = {
			isa = PBXFileReference;
			lastKnownFileType = sourcecode.swift;
			path = FileOperations.swift;
			sourceTree = "<group>";
		};
		000000010 = {
			isa = PBXFileReference;
			lastKnownFileType = text.plist.xml;
			path = Info.plist;
			sourceTree = "<group>";
		};
	};
	rootObject = ROOTOBJECT;
}
